
Microsoft Visual Studio Solution File, Format Version 12.00
# Visual Studio Version 17
VisualStudioVersion = 17.0.32112.339
MinimumVisualStudioVersion = 10.0.40219.1
Project("{FAE04EC0-301F-11D3-BF4B-00C04F79EFBC}") = "BulkyBook", "BulkyBook\BulkyBook.csproj", "{414C0D33-9593-4F6D-BB4D-6A10198BE3B0}"
EndProject
Global
	GlobalSection(SolutionConfigurationPlatforms) = preSolution
		Debug|Any CPU = Debug|Any CPU
		Release|Any CPU = Release|Any CPU
	EndGlobalSection
	GlobalSection(ProjectConfigurationPlatforms) = postSolution
		{414C0D33-9593-4F6D-BB4D-6A10198BE3B0}.Debug|Any CPU.ActiveCfg = Debug|Any CPU
		{414C0D33-9593-4F6D-BB4D-6A10198BE3B0}.Debug|Any CPU.Build.0 = Debug|Any CPU
		{414C0D33-9593-4F6D-BB4D-6A10198BE3B0}.Release|Any CPU.ActiveCfg = Release|Any CPU
		{414C0D33-9593-4F6D-BB4D-6A10198BE3B0}.Release|Any CPU.Build.0 = Release|Any CPU
	EndGlobalSection
	GlobalSection(SolutionProperties) = preSolution
		HideSolutionNode = FALSE
	EndGlobalSection
	GlobalSection(ExtensibilityGlobals) = postSolution
		SolutionGuid = {4BC0D843-2088-4F8A-B2B6-1267A6D4DBD5}
	EndGlobalSection
EndGlobal
